
Microsoft Visual Studio Solution File, Format Version 12.00
# Visual Studio Version 17
VisualStudioVersion = 17.8.34525.116
MinimumVisualStudioVersion = 10.0.40219.1
Project("{FAE04EC0-301F-11D3-BF4B-00C04F79EFBC}") = "FairwayManager", "FairwayManager\FairwayManager.csproj", "{1819A72B-BA76-40D6-B17E-CF79D2667E99}"
EndProject
Global
	GlobalSection(SolutionConfigurationPlatforms) = preSolution
		Debug|Any CPU = Debug|Any CPU
		Release|Any CPU = Release|Any CPU
	EndGlobalSection
	GlobalSection(ProjectConfigurationPlatforms) = postSolution
		{1819A72B-BA76-40D6-B17E-CF79D2667E99}.Debug|Any CPU.ActiveCfg = Debug|Any CPU
		{1819A72B-BA76-40D6-B17E-CF79D2667E99}.Debug|Any CPU.Build.0 = Debug|Any CPU
		{1819A72B-BA76-40D6-B17E-CF79D2667E99}.Release|Any CPU.ActiveCfg = Release|Any CPU
		{1819A72B-BA76-40D6-B17E-CF79D2667E99}.Release|Any CPU.Build.0 = Release|Any CPU
	EndGlobalSection
	GlobalSection(SolutionProperties) = preSolution
		HideSolutionNode = FALSE
	EndGlobalSection
	GlobalSection(ExtensibilityGlobals) = postSolution
		SolutionGuid = {B22AA1E8-B53E-4EB3-8CF1-4BF9F3506E2E}
	EndGlobalSection
EndGlobal
